
Microsoft Visual Studio Solution File, Format Version 10.00
# Visual Studio 2008
Project("{FAE04EC0-301F-11D3-BF4B-00C04F79EFBC}") = "MarsRovers", "MarsRovers\MarsRovers.csproj", "{A77BC397-5923-45F0-B300-F47741DC0E4B}"
EndProject
Project("{FAE04EC0-301F-11D3-BF4B-00C04F79EFBC}") = "MarsRovers.Test", "MarsRovers.Test\MarsRovers.Test.csproj", "{7A5EFA05-51A4-4A66-91EF-E8BAFBD5477A}"
EndProject
Global
	GlobalSection(SolutionConfigurationPlatforms) = preSolution
		Debug|Any CPU = Debug|Any CPU
		Release|Any CPU = Release|Any CPU
	EndGlobalSection
	GlobalSection(ProjectConfigurationPlatforms) = postSolution
		{A77BC397-5923-45F0-B300-F47741DC0E4B}.Debug|Any CPU.ActiveCfg = Debug|Any CPU
		{A77BC397-5923-45F0-B300-F47741DC0E4B}.Debug|Any CPU.Build.0 = Debug|Any CPU
		{A77BC397-5923-45F0-B300-F47741DC0E4B}.Release|Any CPU.ActiveCfg = Release|Any CPU
		{A77BC397-5923-45F0-B300-F47741DC0E4B}.Release|Any CPU.Build.0 = Release|Any CPU
		{7A5EFA05-51A4-4A66-91EF-E8BAFBD5477A}.Debug|Any CPU.ActiveCfg = Debug|Any CPU
		{7A5EFA05-51A4-4A66-91EF-E8BAFBD5477A}.Debug|Any CPU.Build.0 = Debug|Any CPU
		{7A5EFA05-51A4-4A66-91EF-E8BAFBD5477A}.Release|Any CPU.ActiveCfg = Release|Any CPU
		{7A5EFA05-51A4-4A66-91EF-E8BAFBD5477A}.Release|Any CPU.Build.0 = Release|Any CPU
	EndGlobalSection
	GlobalSection(SolutionProperties) = preSolution
		HideSolutionNode = FALSE
	EndGlobalSection
EndGlobal
